
Microsoft Visual Studio Solution File, Format Version 12.00
# Visual Studio Version 17
VisualStudioVersion = 17.14.36804.6 d17.14
MinimumVisualStudioVersion = 10.0.40219.1
Project("{FAE04EC0-301F-11D3-BF4B-00C04F79EFBC}") = "Lab2", "Lab2\Lab2.csproj", "{D5B3B5CF-52EE-4239-A999-052920462723}"
EndProject
Global
	GlobalSection(SolutionConfigurationPlatforms) = preSolution
		Debug|Any CPU = Debug|Any CPU
		Release|Any CPU = Release|Any CPU
	EndGlobalSection
	GlobalSection(ProjectConfigurationPlatforms) = postSolution
		{D5B3B5CF-52EE-4239-A999-052920462723}.Debug|Any CPU.ActiveCfg = Debug|Any CPU
		{D5B3B5CF-52EE-4239-A999-052920462723}.Debug|Any CPU.Build.0 = Debug|Any CPU
		{D5B3B5CF-52EE-4239-A999-052920462723}.Release|Any CPU.ActiveCfg = Release|Any CPU
		{D5B3B5CF-52EE-4239-A999-052920462723}.Release|Any CPU.Build.0 = Release|Any CPU
	EndGlobalSection
	GlobalSection(SolutionProperties) = preSolution
		HideSolutionNode = FALSE
	EndGlobalSection
	GlobalSection(ExtensibilityGlobals) = postSolution
		SolutionGuid = {9F861A30-2DA0-4022-B5D3-FF662E45DB67}
	EndGlobalSection
EndGlobal
